
Microsoft Visual Studio Solution File, Format Version 12.00
# Visual Studio 15
VisualStudioVersion = 15.0.26114.2
MinimumVisualStudioVersion = 10.0.40219.1
Project("{2150E333-8FDC-42A3-9474-1A3956D46DE8}") = "src", "src", "{6EF3EA4A-0CB8-46C3-91BE-43EF4C1FFA8A}"
EndProject
Project("{FAE04EC0-301F-11D3-BF4B-00C04F79EFBC}") = "Xtc.Common", "src\Xtc.Common\Xtc.Common.csproj", "{DF98E794-806F-42A1-A451-807804B62134}"
EndProject
Project("{FAE04EC0-301F-11D3-BF4B-00C04F79EFBC}") = "Xtc.Common.Cli", "src\Xtc.Common.Cli\Xtc.Common.Cli.csproj", "{1A194D8E-1067-4B8E-8511-6A35D4646EE9}"
EndProject
Project("{FAE04EC0-301F-11D3-BF4B-00C04F79EFBC}") = "Xtc.TestCloud", "src\Xtc.TestCloud\Xtc.TestCloud.csproj", "{D3BE2E7C-3EEF-44D5-A317-92681EA180C4}"
EndProject
Project("{2150E333-8FDC-42A3-9474-1A3956D46DE8}") = "test", "test", "{79718A9A-A25B-49BD-93A5-79E9F6323E21}"
EndProject
Project("{FAE04EC0-301F-11D3-BF4B-00C04F79EFBC}") = "Xtc.Cli", "src\Xtc.Cli\Xtc.Cli.csproj", "{75B4AC84-A270-4290-9BE9-9DEC17264BB2}"
EndProject
Project("{FAE04EC0-301F-11D3-BF4B-00C04F79EFBC}") = "Xtc.Common.Cli.Tests", "test\Xtc.Common.Cli.Tests\Xtc.Common.Cli.Tests.csproj", "{272A7E51-7B95-4CDB-856C-2A32BD955920}"
EndProject
Project("{FAE04EC0-301F-11D3-BF4B-00C04F79EFBC}") = "Xtc.Common.Tests", "test\Xtc.Common.Tests\Xtc.Common.Tests.csproj", "{E8BD4870-7A9C-4665-AFE1-EA09BAE729ED}"
EndProject
Project("{FAE04EC0-301F-11D3-BF4B-00C04F79EFBC}") = "Xtc.TestCloud.Tests", "test\Xtc.TestCloud.Tests\Xtc.TestCloud.Tests.csproj", "{9FE02130-EC6B-4576-A0BA-D9E80A836167}"
EndProject
Global
	GlobalSection(SolutionConfigurationPlatforms) = preSolution
		Debug|Any CPU = Debug|Any CPU
		Release|Any CPU = Release|Any CPU
	EndGlobalSection
	GlobalSection(ProjectConfigurationPlatforms) = postSolution
		{DF98E794-806F-42A1-A451-807804B62134}.Debug|Any CPU.ActiveCfg = Debug|Any CPU
		{DF98E794-806F-42A1-A451-807804B62134}.Debug|Any CPU.Build.0 = Debug|Any CPU
		{DF98E794-806F-42A1-A451-807804B62134}.Release|Any CPU.ActiveCfg = Release|Any CPU
		{DF98E794-806F-42A1-A451-807804B62134}.Release|Any CPU.Build.0 = Release|Any CPU
		{1A194D8E-1067-4B8E-8511-6A35D4646EE9}.Debug|Any CPU.ActiveCfg = Debug|Any CPU
		{1A194D8E-1067-4B8E-8511-6A35D4646EE9}.Debug|Any CPU.Build.0 = Debug|Any CPU
		{1A194D8E-1067-4B8E-8511-6A35D4646EE9}.Release|Any CPU.ActiveCfg = Release|Any CPU
		{1A194D8E-1067-4B8E-8511-6A35D4646EE9}.Release|Any CPU.Build.0 = Release|Any CPU
		{D3BE2E7C-3EEF-44D5-A317-92681EA180C4}.Debug|Any CPU.ActiveCfg = Debug|Any CPU
		{D3BE2E7C-3EEF-44D5-A317-92681EA180C4}.Debug|Any CPU.Build.0 = Debug|Any CPU
		{D3BE2E7C-3EEF-44D5-A317-92681EA180C4}.Release|Any CPU.ActiveCfg = Release|Any CPU
		{D3BE2E7C-3EEF-44D5-A317-92681EA180C4}.Release|Any CPU.Build.0 = Release|Any CPU
		{75B4AC84-A270-4290-9BE9-9DEC17264BB2}.Debug|Any CPU.ActiveCfg = Debug|Any CPU
		{75B4AC84-A270-4290-9BE9-9DEC17264BB2}.Debug|Any CPU.Build.0 = Debug|Any CPU
		{75B4AC84-A270-4290-9BE9-9DEC17264BB2}.Release|Any CPU.ActiveCfg = Release|Any CPU
		{75B4AC84-A270-4290-9BE9-9DEC17264BB2}.Release|Any CPU.Build.0 = Release|Any CPU
		{272A7E51-7B95-4CDB-856C-2A32BD955920}.Debug|Any CPU.ActiveCfg = Debug|Any CPU
		{272A7E51-7B95-4CDB-856C-2A32BD955920}.Debug|Any CPU.Build.0 = Debug|Any CPU
		{272A7E51-7B95-4CDB-856C-2A32BD955920}.Release|Any CPU.ActiveCfg = Release|Any CPU
		{272A7E51-7B95-4CDB-856C-2A32BD955920}.Release|Any CPU.Build.0 = Release|Any CPU
		{E8BD4870-7A9C-4665-AFE1-EA09BAE729ED}.Debug|Any CPU.ActiveCfg = Debug|Any CPU
		{E8BD4870-7A9C-4665-AFE1-EA09BAE729ED}.Debug|Any CPU.Build.0 = Debug|Any CPU
		{E8BD4870-7A9C-4665-AFE1-EA09BAE729ED}.Release|Any CPU.ActiveCfg = Release|Any CPU
		{E8BD4870-7A9C-4665-AFE1-EA09BAE729ED}.Release|Any CPU.Build.0 = Release|Any CPU
		{9FE02130-EC6B-4576-A0BA-D9E80A836167}.Debug|Any CPU.ActiveCfg = Debug|Any CPU
		{9FE02130-EC6B-4576-A0BA-D9E80A836167}.Debug|Any CPU.Build.0 = Debug|Any CPU
		{9FE02130-EC6B-4576-A0BA-D9E80A836167}.Release|Any CPU.ActiveCfg = Release|Any CPU
		{9FE02130-EC6B-4576-A0BA-D9E80A836167}.Release|Any CPU.Build.0 = Release|Any CPU
	EndGlobalSection
	GlobalSection(SolutionProperties) = preSolution
		HideSolutionNode = FALSE
	EndGlobalSection
	GlobalSection(NestedProjects) = preSolution
		{DF98E794-806F-42A1-A451-807804B62134} = {6EF3EA4A-0CB8-46C3-91BE-43EF4C1FFA8A}
		{1A194D8E-1067-4B8E-8511-6A35D4646EE9} = {6EF3EA4A-0CB8-46C3-91BE-43EF4C1FFA8A}
		{D3BE2E7C-3EEF-44D5-A317-92681EA180C4} = {6EF3EA4A-0CB8-46C3-91BE-43EF4C1FFA8A}
		{75B4AC84-A270-4290-9BE9-9DEC17264BB2} = {6EF3EA4A-0CB8-46C3-91BE-43EF4C1FFA8A}
		{272A7E51-7B95-4CDB-856C-2A32BD955920} = {79718A9A-A25B-49BD-93A5-79E9F6323E21}
		{E8BD4870-7A9C-4665-AFE1-EA09BAE729ED} = {79718A9A-A25B-49BD-93A5-79E9F6323E21}
		{9FE02130-EC6B-4576-A0BA-D9E80A836167} = {79718A9A-A25B-49BD-93A5-79E9F6323E21}
	EndGlobalSection
EndGlobal
